{
  "version": 4,
  "terraform_version": "1.2.7",
  "serial": 209,
  "lineage": "d1f48711-dd3d-6dbd-63f5-690066acfccb",
  "outputs": {
    "container-ip-address": {
      "value": [
        "172.17.0.2:1880",
        "172.17.0.4:1881",
        "172.17.0.3:1882"
      ],
      "type": [
        "tuple",
        [
          "string",
          "string",
          "string"
        ]
      ]
    },
    "container-name": {
      "value": [
        "nodered-vi75",
        "nodered-3sua",
        "nodered-s1bg"
      ],
      "type": [
        "tuple",
        [
          "string",
          "string",
          "string"
        ]
      ]
    }
  },
  "resources": [
    {
      "mode": "managed",
      "type": "docker_container",
      "name": "nodered_container",
      "provider": "provider[\"registry.terraform.io/terraform-providers/docker\"]",
      "instances": [
        {
          "index_key": 0,
          "schema_version": 2,
          "attributes": {
            "attach": false,
            "bridge": "",
            "capabilities": [],
            "command": [],
            "container_logs": null,
            "cpu_set": "",
            "cpu_shares": 0,
            "destroy_grace_seconds": null,
            "devices": [],
            "dns": [],
            "dns_opts": [],
            "dns_search": null,
            "domainname": "",
            "entrypoint": [
              "./entrypoint.sh"
            ],
            "env": null,
            "exit_code": null,
            "gateway": "172.17.0.1",
            "group_add": null,
            "healthcheck": [
              {
                "interval": "0s",
                "retries": 0,
                "start_period": "0s",
                "test": [
                  "CMD-SHELL",
                  "node /healthcheck.js"
                ],
                "timeout": "0s"
              }
            ],
            "host": [],
            "hostname": "7513f3042d1e",
            "id": "7513f3042d1e66a484000ac322d814e39df10a594ee878ed9076e6fa4a726ab6",
            "image": "sha256:a15fc0f4e93018b7b6633639139a6fc1c6e13ca9275a6825cbecb6a4d2a85c57",
            "ip_address": "172.17.0.2",
            "ip_prefix_length": 16,
            "ipc_mode": "private",
            "labels": [],
            "links": null,
            "log_driver": "json-file",
            "log_opts": {},
            "logs": false,
            "max_retry_count": 0,
            "memory": 0,
            "memory_swap": 0,
            "mounts": [],
            "must_run": true,
            "name": "nodered-vi75",
            "network_alias": null,
            "network_data": [
              {
                "gateway": "172.17.0.1",
                "ip_address": "172.17.0.2",
                "ip_prefix_length": 16,
                "network_name": "bridge"
              }
            ],
            "network_mode": "default",
            "networks": null,
            "networks_advanced": [],
            "pid_mode": "",
            "ports": [
              {
                "external": 1880,
                "internal": 1880,
                "ip": "0.0.0.0",
                "protocol": "tcp"
              }
            ],
            "privileged": false,
            "publish_all_ports": false,
            "read_only": false,
            "restart": "no",
            "rm": false,
            "shm_size": 64,
            "start": true,
            "sysctls": null,
            "tmpfs": null,
            "ulimit": [],
            "upload": [],
            "user": "node-red",
            "userns_mode": "",
            "volumes": [
              {
                "container_path": "/data",
                "from_container": "",
                "host_path": "/home/ubuntu/environment/terraform-docker/mtc-in-terraform/02-terraform-basics-docker/noderedvol",
                "read_only": null,
                "volume_name": ""
              }
            ],
            "working_dir": "/usr/src/node-red"
          },
          "sensitive_attributes": [],
          "private": "eyJzY2hlbWFfdmVyc2lvbiI6IjIifQ==",
          "dependencies": [
            "docker_image.nodered_image",
            "random_string.random"
          ]
        },
        {
          "index_key": 1,
          "schema_version": 2,
          "attributes": {
            "attach": false,
            "bridge": "",
            "capabilities": [],
            "command": [],
            "container_logs": null,
            "cpu_set": "",
            "cpu_shares": 0,
            "destroy_grace_seconds": null,
            "devices": [],
            "dns": [],
            "dns_opts": [],
            "dns_search": null,
            "domainname": "",
            "entrypoint": [
              "./entrypoint.sh"
            ],
            "env": null,
            "exit_code": null,
            "gateway": "172.17.0.1",
            "group_add": null,
            "healthcheck": [
              {
                "interval": "0s",
                "retries": 0,
                "start_period": "0s",
                "test": [
                  "CMD-SHELL",
                  "node /healthcheck.js"
                ],
                "timeout": "0s"
              }
            ],
            "host": [],
            "hostname": "511957d84681",
            "id": "511957d84681fe722752668db8b08d285c21bc191283b935d3233176d1ae00ad",
            "image": "sha256:a15fc0f4e93018b7b6633639139a6fc1c6e13ca9275a6825cbecb6a4d2a85c57",
            "ip_address": "172.17.0.4",
            "ip_prefix_length": 16,
            "ipc_mode": "private",
            "labels": [],
            "links": null,
            "log_driver": "json-file",
            "log_opts": {},
            "logs": false,
            "max_retry_count": 0,
            "memory": 0,
            "memory_swap": 0,
            "mounts": [],
            "must_run": true,
            "name": "nodered-3sua",
            "network_alias": null,
            "network_data": [
              {
                "gateway": "172.17.0.1",
                "ip_address": "172.17.0.4",
                "ip_prefix_length": 16,
                "network_name": "bridge"
              }
            ],
            "network_mode": "default",
            "networks": null,
            "networks_advanced": [],
            "pid_mode": "",
            "ports": [
              {
                "external": 1881,
                "internal": 1880,
                "ip": "0.0.0.0",
                "protocol": "tcp"
              }
            ],
            "privileged": false,
            "publish_all_ports": false,
            "read_only": false,
            "restart": "no",
            "rm": false,
            "shm_size": 64,
            "start": true,
            "sysctls": null,
            "tmpfs": null,
            "ulimit": [],
            "upload": [],
            "user": "node-red",
            "userns_mode": "",
            "volumes": [
              {
                "container_path": "/data",
                "from_container": "",
                "host_path": "/home/ubuntu/environment/terraform-docker/mtc-in-terraform/02-terraform-basics-docker/noderedvol",
                "read_only": null,
                "volume_name": ""
              }
            ],
            "working_dir": "/usr/src/node-red"
          },
          "sensitive_attributes": [],
          "private": "eyJzY2hlbWFfdmVyc2lvbiI6IjIifQ==",
          "dependencies": [
            "docker_image.nodered_image",
            "random_string.random"
          ]
        },
        {
          "index_key": 2,
          "schema_version": 2,
          "attributes": {
            "attach": false,
            "bridge": "",
            "capabilities": [],
            "command": [],
            "container_logs": null,
            "cpu_set": "",
            "cpu_shares": 0,
            "destroy_grace_seconds": null,
            "devices": [],
            "dns": [],
            "dns_opts": [],
            "dns_search": null,
            "domainname": "",
            "entrypoint": [
              "./entrypoint.sh"
            ],
            "env": null,
            "exit_code": null,
            "gateway": "172.17.0.1",
            "group_add": null,
            "healthcheck": [
              {
                "interval": "0s",
                "retries": 0,
                "start_period": "0s",
                "test": [
                  "CMD-SHELL",
                  "node /healthcheck.js"
                ],
                "timeout": "0s"
              }
            ],
            "host": [],
            "hostname": "9aa8feda9b00",
            "id": "9aa8feda9b000546a01b30ae9be951282a000d1451fdfa96ca0240c8e875c989",
            "image": "sha256:a15fc0f4e93018b7b6633639139a6fc1c6e13ca9275a6825cbecb6a4d2a85c57",
            "ip_address": "172.17.0.3",
            "ip_prefix_length": 16,
            "ipc_mode": "private",
            "labels": [],
            "links": null,
            "log_driver": "json-file",
            "log_opts": {},
            "logs": false,
            "max_retry_count": 0,
            "memory": 0,
            "memory_swap": 0,
            "mounts": [],
            "must_run": true,
            "name": "nodered-s1bg",
            "network_alias": null,
            "network_data": [
              {
                "gateway": "172.17.0.1",
                "ip_address": "172.17.0.3",
                "ip_prefix_length": 16,
                "network_name": "bridge"
              }
            ],
            "network_mode": "default",
            "networks": null,
            "networks_advanced": [],
            "pid_mode": "",
            "ports": [
              {
                "external": 1882,
                "internal": 1880,
                "ip": "0.0.0.0",
                "protocol": "tcp"
              }
            ],
            "privileged": false,
            "publish_all_ports": false,
            "read_only": false,
            "restart": "no",
            "rm": false,
            "shm_size": 64,
            "start": true,
            "sysctls": null,
            "tmpfs": null,
            "ulimit": [],
            "upload": [],
            "user": "node-red",
            "userns_mode": "",
            "volumes": [
              {
                "container_path": "/data",
                "from_container": "",
                "host_path": "/home/ubuntu/environment/terraform-docker/mtc-in-terraform/02-terraform-basics-docker/noderedvol",
                "read_only": null,
                "volume_name": ""
              }
            ],
            "working_dir": "/usr/src/node-red"
          },
          "sensitive_attributes": [],
          "private": "eyJzY2hlbWFfdmVyc2lvbiI6IjIifQ==",
          "dependencies": [
            "docker_image.nodered_image",
            "random_string.random"
          ]
        }
      ]
    },
    {
      "mode": "managed",
      "type": "docker_image",
      "name": "nodered_image",
      "provider": "provider[\"registry.terraform.io/terraform-providers/docker\"]",
      "instances": [
        {
          "schema_version": 0,
          "attributes": {
            "id": "sha256:a15fc0f4e93018b7b6633639139a6fc1c6e13ca9275a6825cbecb6a4d2a85c57nodered/node-red:latest",
            "keep_locally": null,
            "latest": "sha256:a15fc0f4e93018b7b6633639139a6fc1c6e13ca9275a6825cbecb6a4d2a85c57",
            "name": "nodered/node-red:latest",
            "pull_trigger": null,
            "pull_triggers": null
          },
          "sensitive_attributes": [],
          "private": "bnVsbA=="
        }
      ]
    },
    {
      "mode": "managed",
      "type": "null_resource",
      "name": "dockervol",
      "provider": "provider[\"registry.terraform.io/hashicorp/null\"]",
      "instances": [
        {
          "schema_version": 0,
          "attributes": {
            "id": "2518823107295155325",
            "triggers": null
          },
          "sensitive_attributes": [],
          "private": "bnVsbA=="
        }
      ]
    },
    {
      "mode": "managed",
      "type": "random_string",
      "name": "random",
      "provider": "provider[\"registry.terraform.io/hashicorp/random\"]",
      "instances": [
        {
          "index_key": 0,
          "schema_version": 2,
          "attributes": {
            "id": "vi75",
            "keepers": null,
            "length": 4,
            "lower": true,
            "min_lower": 0,
            "min_numeric": 0,
            "min_special": 0,
            "min_upper": 0,
            "number": true,
            "numeric": true,
            "override_special": null,
            "result": "vi75",
            "special": false,
            "upper": false
          },
          "sensitive_attributes": [],
          "private": "eyJzY2hlbWFfdmVyc2lvbiI6IjIifQ=="
        },
        {
          "index_key": 1,
          "schema_version": 2,
          "attributes": {
            "id": "3sua",
            "keepers": null,
            "length": 4,
            "lower": true,
            "min_lower": 0,
            "min_numeric": 0,
            "min_special": 0,
            "min_upper": 0,
            "number": true,
            "numeric": true,
            "override_special": null,
            "result": "3sua",
            "special": false,
            "upper": false
          },
          "sensitive_attributes": [],
          "private": "eyJzY2hlbWFfdmVyc2lvbiI6IjIifQ=="
        },
        {
          "index_key": 2,
          "schema_version": 2,
          "attributes": {
            "id": "s1bg",
            "keepers": null,
            "length": 4,
            "lower": true,
            "min_lower": 0,
            "min_numeric": 0,
            "min_special": 0,
            "min_upper": 0,
            "number": true,
            "numeric": true,
            "override_special": null,
            "result": "s1bg",
            "special": false,
            "upper": false
          },
          "sensitive_attributes": [],
          "private": "eyJzY2hlbWFfdmVyc2lvbiI6IjIifQ=="
        }
      ]
    }
  ]
}
